
Microsoft Visual Studio Solution File, Format Version 12.00
# Visual Studio Version 17
VisualStudioVersion = 17.0.32014.148
MinimumVisualStudioVersion = 10.0.40219.1
Project("{FAE04EC0-301F-11D3-BF4B-00C04F79EFBC}") = "AuthUsingGoogleFacebook", "AuthUsingGoogleFacebook.csproj", "{8186BDD7-82CB-4E06-87CD-2A90DDE8BE18}"
EndProject
Global
	GlobalSection(SolutionConfigurationPlatforms) = preSolution
		Debug|Any CPU = Debug|Any CPU
		Release|Any CPU = Release|Any CPU
	EndGlobalSection
	GlobalSection(ProjectConfigurationPlatforms) = postSolution
		{8186BDD7-82CB-4E06-87CD-2A90DDE8BE18}.Debug|Any CPU.ActiveCfg = Debug|Any CPU
		{8186BDD7-82CB-4E06-87CD-2A90DDE8BE18}.Debug|Any CPU.Build.0 = Debug|Any CPU
		{8186BDD7-82CB-4E06-87CD-2A90DDE8BE18}.Release|Any CPU.ActiveCfg = Release|Any CPU
		{8186BDD7-82CB-4E06-87CD-2A90DDE8BE18}.Release|Any CPU.Build.0 = Release|Any CPU
	EndGlobalSection
	GlobalSection(SolutionProperties) = preSolution
		HideSolutionNode = FALSE
	EndGlobalSection
	GlobalSection(ExtensibilityGlobals) = postSolution
		SolutionGuid = {D6185A59-AB48-482B-9416-ACE7A9C38D13}
	EndGlobalSection
EndGlobal
